
Microsoft Visual Studio Solution File, Format Version 12.00
# Visual Studio Version 16
VisualStudioVersion = 16.0.29021.104
MinimumVisualStudioVersion = 10.0.40219.1
Project("{FAE04EC0-301F-11D3-BF4B-00C04F79EFBC}") = "DiceRollClient", "DiceRollClient\DiceRollClient.csproj", "{F26763CA-7508-4866-9CCA-1B4EAC0D87B2}"
EndProject
Project("{FAE04EC0-301F-11D3-BF4B-00C04F79EFBC}") = "DiceRoll.Test", "DiceRoll.Test\DiceRoll.Test.csproj", "{40E5A10F-B1DE-4720-B78C-935663152897}"
EndProject
Global
	GlobalSection(SolutionConfigurationPlatforms) = preSolution
		Debug|Any CPU = Debug|Any CPU
		Release|Any CPU = Release|Any CPU
	EndGlobalSection
	GlobalSection(ProjectConfigurationPlatforms) = postSolution
		{F26763CA-7508-4866-9CCA-1B4EAC0D87B2}.Debug|Any CPU.ActiveCfg = Debug|Any CPU
		{F26763CA-7508-4866-9CCA-1B4EAC0D87B2}.Debug|Any CPU.Build.0 = Debug|Any CPU
		{F26763CA-7508-4866-9CCA-1B4EAC0D87B2}.Release|Any CPU.ActiveCfg = Release|Any CPU
		{F26763CA-7508-4866-9CCA-1B4EAC0D87B2}.Release|Any CPU.Build.0 = Release|Any CPU
		{40E5A10F-B1DE-4720-B78C-935663152897}.Debug|Any CPU.ActiveCfg = Debug|Any CPU
		{40E5A10F-B1DE-4720-B78C-935663152897}.Debug|Any CPU.Build.0 = Debug|Any CPU
		{40E5A10F-B1DE-4720-B78C-935663152897}.Release|Any CPU.ActiveCfg = Release|Any CPU
		{40E5A10F-B1DE-4720-B78C-935663152897}.Release|Any CPU.Build.0 = Release|Any CPU
	EndGlobalSection
	GlobalSection(SolutionProperties) = preSolution
		HideSolutionNode = FALSE
	EndGlobalSection
	GlobalSection(ExtensibilityGlobals) = postSolution
		SolutionGuid = {B4145DEE-F01A-421D-83C9-1A83BD14BF21}
	EndGlobalSection
EndGlobal
